
Microsoft Visual Studio Solution File, Format Version 12.00
# Visual Studio Version 17
VisualStudioVersion = 17.14.36616.10 d17.14
MinimumVisualStudioVersion = 10.0.40219.1
Project("{FAE04EC0-301F-11D3-BF4B-00C04F79EFBC}") = "PetShopFaculdade", "PetShopFaculdade\PetShopFaculdade.csproj", "{AE8F8DBA-F0BE-42B2-8670-1654C7285A00}"
EndProject
Global
	GlobalSection(SolutionConfigurationPlatforms) = preSolution
		Debug|Any CPU = Debug|Any CPU
		Release|Any CPU = Release|Any CPU
	EndGlobalSection
	GlobalSection(ProjectConfigurationPlatforms) = postSolution
		{AE8F8DBA-F0BE-42B2-8670-1654C7285A00}.Debug|Any CPU.ActiveCfg = Debug|Any CPU
		{AE8F8DBA-F0BE-42B2-8670-1654C7285A00}.Debug|Any CPU.Build.0 = Debug|Any CPU
		{AE8F8DBA-F0BE-42B2-8670-1654C7285A00}.Release|Any CPU.ActiveCfg = Release|Any CPU
		{AE8F8DBA-F0BE-42B2-8670-1654C7285A00}.Release|Any CPU.Build.0 = Release|Any CPU
	EndGlobalSection
	GlobalSection(SolutionProperties) = preSolution
		HideSolutionNode = FALSE
	EndGlobalSection
	GlobalSection(ExtensibilityGlobals) = postSolution
		SolutionGuid = {E51AAC9E-FA5E-404F-916E-67857472426C}
	EndGlobalSection
EndGlobal
